
Microsoft Visual Studio Solution File, Format Version 12.00
# Visual Studio Version 17
VisualStudioVersion = 17.11.35303.130
MinimumVisualStudioVersion = 10.0.40219.1
Project("{9A19103F-16F7-4668-BE54-9A1E7A4F7556}") = "Neo4jRestRAGApi", "Neo4jRestRAGApi.csproj", "{C20D187A-C5AD-461E-8761-6586AABCB83B}"
EndProject
Global
	GlobalSection(SolutionConfigurationPlatforms) = preSolution
		Debug|Any CPU = Debug|Any CPU
		Debug|x64 = Debug|x64
		Release|Any CPU = Release|Any CPU
		Release|x64 = Release|x64
	EndGlobalSection
	GlobalSection(ProjectConfigurationPlatforms) = postSolution
		{C20D187A-C5AD-461E-8761-6586AABCB83B}.Debug|Any CPU.ActiveCfg = Debug|Any CPU
		{C20D187A-C5AD-461E-8761-6586AABCB83B}.Debug|Any CPU.Build.0 = Debug|Any CPU
		{C20D187A-C5AD-461E-8761-6586AABCB83B}.Debug|x64.ActiveCfg = Debug|x64
		{C20D187A-C5AD-461E-8761-6586AABCB83B}.Debug|x64.Build.0 = Debug|x64
		{C20D187A-C5AD-461E-8761-6586AABCB83B}.Release|Any CPU.ActiveCfg = Release|Any CPU
		{C20D187A-C5AD-461E-8761-6586AABCB83B}.Release|Any CPU.Build.0 = Release|Any CPU
		{C20D187A-C5AD-461E-8761-6586AABCB83B}.Release|x64.ActiveCfg = Release|x64
		{C20D187A-C5AD-461E-8761-6586AABCB83B}.Release|x64.Build.0 = Release|x64
	EndGlobalSection
	GlobalSection(SolutionProperties) = preSolution
		HideSolutionNode = FALSE
	EndGlobalSection
	GlobalSection(ExtensibilityGlobals) = postSolution
		SolutionGuid = {726340AA-9C1D-416C-AABA-9B133A051963}
	EndGlobalSection
EndGlobal
